// !$*UTF8*$!
{
	archiveVersion = 1;
	classes = {
	};
	objectVersion = 50;
	objects = {

/* Begin PBXBuildFile section */
		5FBAC29A229A0140000BA877 /* AppDelegate.swift in Sources */ = {isa = PBXBuildFile; fileRef = 5FBAC299229A0140000BA877 /* AppDelegate.swift */; };
		5FBAC29C229A0140000BA877 /* ViewController.swift in Sources */ = {isa = PBXBuildFile; fileRef = 5FBAC29B229A0140000BA877 /* ViewController.swift */; };
		5FBAC29F229A0140000BA877 /* Main.storyboard in Resources */ = {isa = PBXBuildFile; fileRef = 5FBAC29D229A0140000BA877 /* Main.storyboard */; };
		5FBAC2A1229A0141000BA877 /* Assets.xcassets in Resources */ = {isa = PBXBuildFile; fileRef = 5FBAC2A0229A0141000BA877 /* Assets.xcassets */; };
		5FBAC2A4229A0141000BA877 /* LaunchScreen.storyboard in Resources */ = {isa = PBXBuildFile; fileRef = 5FBAC2A2229A0141000BA877 /* LaunchScreen.storyboard */; };
		5FBAC2AC229AD613000BA877 /* RoundedButton.swift in Sources */ = {isa = PBXBuildFile; fileRef = 5FBAC2AB229AD613000BA877 /* RoundedButton.swift */; };
		5FBAC2AE229AF455000BA877 /* MainViewController.swift in Sources */ = {isa = PBXBuildFile; fileRef = 5FBAC2AD229AF455000BA877 /* MainViewController.swift */; };
		5FEEEAF4229AFCE4000D2C82 /* 200.gif in Resources */ = {isa = PBXBuildFile; fileRef = 5FEEEAF3229AFCE4000D2C82 /* 200.gif */; };
		5FEEEAF6229B823F000D2C82 /* MyUIButton.swift in Sources */ = {isa = PBXBuildFile; fileRef = 5FEEEAF5229B823F000D2C82 /* MyUIButton.swift */; };
		5FEEEAFA229B8A76000D2C82 /* ScaleSegueAnimation.swift in Sources */ = {isa = PBXBuildFile; fileRef = 5FEEEAF9229B8A76000D2C82 /* ScaleSegueAnimation.swift */; };
/* End PBXBuildFile section */

/* Begin PBXFileReference section */
		5FBAC296229A0140000BA877 /* LookForDifferences.app */ = {isa = PBXFileReference; explicitFileType = wrapper.application; includeInIndex = 0; path = LookForDifferences.app; sourceTree = BUILT_PRODUCTS_DIR; };
		5FBAC299229A0140000BA877 /* AppDelegate.swift */ = {isa = PBXFileReference; lastKnownFileType = sourcecode.swift; path = AppDelegate.swift; sourceTree = "<group>"; };
		5FBAC29B229A0140000BA877 /* ViewController.swift */ = {isa = PBXFileReference; lastKnownFileType = sourcecode.swift; path = ViewController.swift; sourceTree = "<group>"; };
		5FBAC29E229A0140000BA877 /* Base */ = {isa = PBXFileReference; lastKnownFileType = file.storyboard; name = Base; path = Base.lproj/Main.storyboard; sourceTree = "<group>"; };
		5FBAC2A0229A0141000BA877 /* Assets.xcassets */ = {isa = PBXFileReference; lastKnownFileType = folder.assetcatalog; path = Assets.xcassets; sourceTree = "<group>"; };
		5FBAC2A3229A0141000BA877 /* Base */ = {isa = PBXFileReference; lastKnownFileType = file.storyboard; name = Base; path = Base.lproj/LaunchScreen.storyboard; sourceTree = "<group>"; };
		5FBAC2A5229A0141000BA877 /* Info.plist */ = {isa = PBXFileReference; lastKnownFileType = text.plist.xml; path = Info.plist; sourceTree = "<group>"; };
		5FBAC2AB229AD613000BA877 /* RoundedButton.swift */ = {isa = PBXFileReference; lastKnownFileType = sourcecode.swift; path = RoundedButton.swift; sourceTree = "<group>"; };
		5FBAC2AD229AF455000BA877 /* MainViewController.swift */ = {isa = PBXFileReference; lastKnownFileType = sourcecode.swift; path = MainViewController.swift; sourceTree = "<group>"; };
		5FEEEAF3229AFCE4000D2C82 /* 200.gif */ = {isa = PBXFileReference; lastKnownFileType = image.gif; name = 200.gif; path = ../../../Downloads/200.gif; sourceTree = "<group>"; };
		5FEEEAF5229B823F000D2C82 /* MyUIButton.swift */ = {isa = PBXFileReference; lastKnownFileType = sourcecode.swift; path = MyUIButton.swift; sourceTree = "<group>"; };
		5FEEEAF9229B8A76000D2C82 /* ScaleSegueAnimation.swift */ = {isa = PBXFileReference; lastKnownFileType = sourcecode.swift; path = ScaleSegueAnimation.swift; sourceTree = "<group>"; };
/* End PBXFileReference section */

/* Begin PBXFrameworksBuildPhase section */
		5FBAC293229A0140000BA877 /* Frameworks */ = {
			isa = PBXFrameworksBuildPhase;
			buildActionMask = 2147483647;
			files = (
			);
			runOnlyForDeploymentPostprocessing = 0;
		};
/* End PBXFrameworksBuildPhase section */

/* Begin PBXGroup section */
		5FBAC28D229A0140000BA877 = {
			isa = PBXGroup;
			children = (
				5FBAC298229A0140000BA877 /* LookForDifferences */,
				5FBAC297229A0140000BA877 /* Products */,
			);
			sourceTree = "<group>";
		};
		5FBAC297229A0140000BA877 /* Products */ = {
			isa = PBXGroup;
			children = (
				5FBAC296229A0140000BA877 /* LookForDifferences.app */,
			);
			name = Products;
			sourceTree = "<group>";
		};
		5FBAC298229A0140000BA877 /* LookForDifferences */ = {
			isa = PBXGroup;
			children = (
				5FBAC299229A0140000BA877 /* AppDelegate.swift */,
				5FBAC29B229A0140000BA877 /* ViewController.swift */,
				5FEEEAF5229B823F000D2C82 /* MyUIButton.swift */,
				5FBAC29D229A0140000BA877 /* Main.storyboard */,
				5FEEEAF9229B8A76000D2C82 /* ScaleSegueAnimation.swift */,
				5FBAC2AD229AF455000BA877 /* MainViewController.swift */,
				5FBAC2A0229A0141000BA877 /* Assets.xcassets */,
				5FEEEAF3229AFCE4000D2C82 /* 200.gif */,
				5FBAC2A2229A0141000BA877 /* LaunchScreen.storyboard */,
				5FBAC2A5229A0141000BA877 /* Info.plist */,
				5FBAC2AB229AD613000BA877 /* RoundedButton.swift */,
			);
			path = LookForDifferences;
			sourceTree = "<group>";
		};
/* End PBXGroup section */

/* Begin PBXNativeTarget section */
		5FBAC295229A0140000BA877 /* LookForDifferences */ = {
			isa = PBXNativeTarget;
			buildConfigurationList = 5FBAC2A8229A0141000BA877 /* Build configuration list for PBXNativeTarget "LookForDifferences" */;
			buildPhases = (
				5FBAC292229A0140000BA877 /* Sources */,
				5FBAC293229A0140000BA877 /* Frameworks */,
				5FBAC294229A0140000BA877 /* Resources */,
			);
			buildRules = (
			);
			dependencies = (
			);
			name = LookForDifferences;
			productName = LookForDifferences;
			productReference = 5FBAC296229A0140000BA877 /* LookForDifferences.app */;
			productType = "com.apple.product-type.application";
		};
/* End PBXNativeTarget section */

/* Begin PBXProject section */
		5FBAC28E229A0140000BA877 /* Project object */ = {
			isa = PBXProject;
			attributes = {
				LastSwiftUpdateCheck = 1020;
				LastUpgradeCheck = 1020;
				ORGANIZATIONNAME = "Gabriella Gracia MT";
				TargetAttributes = {
					5FBAC295229A0140000BA877 = {
						CreatedOnToolsVersion = 10.2.1;
					};
				};
			};
			buildConfigurationList = 5FBAC291229A0140000BA877 /* Build configuration list for PBXProject "LookForDifferences" */;
			compatibilityVersion = "Xcode 9.3";
			developmentRegion = en;
			hasScannedForEncodings = 0;
			knownRegions = (
				en,
				Base,
			);
			mainGroup = 5FBAC28D229A0140000BA877;
			productRefGroup = 5FBAC297229A0140000BA877 /* Products */;
			projectDirPath = "";
			projectRoot = "";
			targets = (
				5FBAC295229A0140000BA877 /* LookForDifferences */,
			);
		};
/* End PBXProject section */

/* Begin PBXResourcesBuildPhase section */
		5FBAC294229A0140000BA877 /* Resources */ = {
			isa = PBXResourcesBuildPhase;
			buildActionMask = 2147483647;
			files = (
				5FBAC2A4229A0141000BA877 /* LaunchScreen.storyboard in Resources */,
				5FEEEAF4229AFCE4000D2C82 /* 200.gif in Resources */,
				5FBAC2A1229A0141000BA877 /* Assets.xcassets in Resources */,
				5FBAC29F229A0140000BA877 /* Main.storyboard in Resources */,
			);
			runOnlyForDeploymentPostprocessing = 0;
		};
/* End PBXResourcesBuildPhase section */

/* Begin PBXSourcesBuildPhase section */
		5FBAC292229A0140000BA877 /* Sources */ = {
			isa = PBXSourcesBuildPhase;
			buildActionMask = 2147483647;
			files = (
				5FBAC29C229A0140000BA877 /* ViewController.swift in Sources */,
				5FEEEAFA229B8A76000D2C82 /* ScaleSegueAnimation.swift in Sources */,
				5FEEEAF6229B823F000D2C82 /* MyUIButton.swift in Sources */,
				5FBAC2AC229AD613000BA877 /* RoundedButton.swift in Sources */,
				5FBAC29A229A0140000BA877 /* AppDelegate.swift in Sources */,
				5FBAC2AE229AF455000BA877 /* MainViewController.swift in Sources */,
			);
			runOnlyForDeploymentPostprocessing = 0;
		};
/* End PBXSourcesBuildPhase section */

/* Begin PBXVariantGroup section */
		5FBAC29D229A0140000BA877 /* Main.storyboard */ = {
			isa = PBXVariantGroup;
			children = (
				5FBAC29E229A0140000BA877 /* Base */,
			);
			name = Main.storyboard;
			sourceTree = "<group>";
		};
		5FBAC2A2229A0141000BA877 /* LaunchScreen.storyboard */ = {
			isa = PBXVariantGroup;
			children = (
				5FBAC2A3229A0141000BA877 /* Base */,
			);
			name = LaunchScreen.storyboard;
			sourceTree = "<group>";
		};
/* End PBXVariantGroup section */

/* Begin XCBuildConfiguration section */
		5FBAC2A6229A0141000BA877 /* Debug */ = {
			isa = XCBuildConfiguration;
			buildSettings = {
				ALWAYS_SEARCH_USER_PATHS = NO;
				CLANG_ANALYZER_NONNULL = YES;
				CLANG_ANALYZER_NUMBER_OBJECT_CONVERSION = YES_AGGRESSIVE;
				CLANG_CXX_LANGUAGE_STANDARD = "gnu++14";
				CLANG_CXX_LIBRARY = "libc++";
				CLANG_ENABLE_MODULES = YES;
				CLANG_ENABLE_OBJC_ARC = YES;
				CLANG_ENABLE_OBJC_WEAK = YES;
				CLANG_WARN_BLOCK_CAPTURE_AUTORELEASING = YES;
				CLANG_WARN_BOOL_CONVERSION = YES;
				CLANG_WARN_COMMA = YES;
				CLANG_WARN_CONSTANT_CONVERSION = YES;
				CLANG_WARN_DEPRECATED_OBJC_IMPLEMENTATIONS = YES;
				CLANG_WARN_DIRECT_OBJC_ISA_USAGE = YES_ERROR;
				CLANG_WARN_DOCUMENTATION_COMMENTS = YES;
				CLANG_WARN_EMPTY_BODY = YES;
				CLANG_WARN_ENUM_CONVERSION = YES;
				CLANG_WARN_INFINITE_RECURSION = YES;
				CLANG_WARN_INT_CONVERSION = YES;
				CLANG_WARN_NON_LITERAL_NULL_CONVERSION = YES;
				CLANG_WARN_OBJC_IMPLICIT_RETAIN_SELF = YES;
				CLANG_WARN_OBJC_LITERAL_CONVERSION = YES;
				CLANG_WARN_OBJC_ROOT_CLASS = YES_ERROR;
				CLANG_WARN_RANGE_LOOP_ANALYSIS = YES;
				CLANG_WARN_STRICT_PROTOTYPES = YES;
				CLANG_WARN_SUSPICIOUS_MOVE = YES;
				CLANG_WARN_UNGUARDED_AVAILABILITY = YES_AGGRESSIVE;
				CLANG_WARN_UNREACHABLE_CODE = YES;
				CLANG_WARN__DUPLICATE_METHOD_MATCH = YES;
				CODE_SIGN_IDENTITY = "iPhone Developer";
				COPY_PHASE_STRIP = NO;
				DEBUG_INFORMATION_FORMAT = dwarf;
				ENABLE_STRICT_OBJC_MSGSEND = YES;
				ENABLE_TESTABILITY = YES;
				GCC_C_LANGUAGE_STANDARD = gnu11;
				GCC_DYNAMIC_NO_PIC = NO;
				GCC_NO_COMMON_BLOCKS = YES;
				GCC_OPTIMIZATION_LEVEL = 0;
				GCC_PREPROCESSOR_DEFINITIONS = (
					"DEBUG=1",
					"$(inherited)",
				);
				GCC_WARN_64_TO_32_BIT_CONVERSION = YES;
				GCC_WARN_ABOUT_RETURN_TYPE = YES_ERROR;
				GCC_WARN_UNDECLARED_SELECTOR = YES;
				GCC_WARN_UNINITIALIZED_AUTOS = YES_AGGRESSIVE;
				GCC_WARN_UNUSED_FUNCTION = YES;
				GCC_WARN_UNUSED_VARIABLE = YES;
				IPHONEOS_DEPLOYMENT_TARGET = 12.2;
				MTL_ENABLE_DEBUG_INFO = INCLUDE_SOURCE;
				MTL_FAST_MATH = YES;
				ONLY_ACTIVE_ARCH = YES;
				SDKROOT = iphoneos;
				SWIFT_ACTIVE_COMPILATION_CONDITIONS = DEBUG;
				SWIFT_OPTIMIZATION_LEVEL = "-Onone";
			};
			name = Debug;
		};
		5FBAC2A7229A0141000BA877 /* Release */ = {
			isa = XCBuildConfiguration;
			buildSettings = {
				ALWAYS_SEARCH_USER_PATHS = NO;
				CLANG_ANALYZER_NONNULL = YES;
				CLANG_ANALYZER_NUMBER_OBJECT_CONVERSION = YES_AGGRESSIVE;
				CLANG_CXX_LANGUAGE_STANDARD = "gnu++14";
				CLANG_CXX_LIBRARY = "libc++";
				CLANG_ENABLE_MODULES = YES;
				CLANG_ENABLE_OBJC_ARC = YES;
				CLANG_ENABLE_OBJC_WEAK = YES;
				CLANG_WARN_BLOCK_CAPTURE_AUTORELEASING = YES;
				CLANG_WARN_BOOL_CONVERSION = YES;
				CLANG_WARN_COMMA = YES;
				CLANG_WARN_CONSTANT_CONVERSION = YES;
				CLANG_WARN_DEPRECATED_OBJC_IMPLEMENTATIONS = YES;
				CLANG_WARN_DIRECT_OBJC_ISA_USAGE = YES_ERROR;
				CLANG_WARN_DOCUMENTATION_COMMENTS = YES;
				CLANG_WARN_EMPTY_BODY = YES;
				CLANG_WARN_ENUM_CONVERSION = YES;
				CLANG_WARN_INFINITE_RECURSION = YES;
				CLANG_WARN_INT_CONVERSION = YES;
				CLANG_WARN_NON_LITERAL_NULL_CONVERSION = YES;
				CLANG_WARN_OBJC_IMPLICIT_RETAIN_SELF = YES;
				CLANG_WARN_OBJC_LITERAL_CONVERSION = YES;
				CLANG_WARN_OBJC_ROOT_CLASS = YES_ERROR;
				CLANG_WARN_RANGE_LOOP_ANALYSIS = YES;
				CLANG_WARN_STRICT_PROTOTYPES = YES;
				CLANG_WARN_SUSPICIOUS_MOVE = YES;
				CLANG_WARN_UNGUARDED_AVAILABILITY = YES_AGGRESSIVE;
				CLANG_WARN_UNREACHABLE_CODE = YES;
				CLANG_WARN__DUPLICATE_METHOD_MATCH = YES;
				CODE_SIGN_IDENTITY = "iPhone Developer";
				COPY_PHASE_STRIP = NO;
				DEBUG_INFORMATION_FORMAT = "dwarf-with-dsym";
				ENABLE_NS_ASSERTIONS = NO;
				ENABLE_STRICT_OBJC_MSGSEND = YES;
				GCC_C_LANGUAGE_STANDARD = gnu11;
				GCC_NO_COMMON_BLOCKS = YES;
				GCC_WARN_64_TO_32_BIT_CONVERSION = YES;
				GCC_WARN_ABOUT_RETURN_TYPE = YES_ERROR;
				GCC_WARN_UNDECLARED_SELECTOR = YES;
				GCC_WARN_UNINITIALIZED_AUTOS = YES_AGGRESSIVE;
				GCC_WARN_UNUSED_FUNCTION = YES;
				GCC_WARN_UNUSED_VARIABLE = YES;
				IPHONEOS_DEPLOYMENT_TARGET = 12.2;
				MTL_ENABLE_DEBUG_INFO = NO;
				MTL_FAST_MATH = YES;
				SDKROOT = iphoneos;
				SWIFT_COMPILATION_MODE = wholemodule;
				SWIFT_OPTIMIZATION_LEVEL = "-O";
				VALIDATE_PRODUCT = YES;
			};
			name = Release;
		};
		5FBAC2A9229A0141000BA877 /* Debug */ = {
			isa = XCBuildConfiguration;
			buildSettings = {
				ASSETCATALOG_COMPILER_APPICON_NAME = AppIcon;
				CODE_SIGN_STYLE = Automatic;
				DEVELOPMENT_TEAM = 2X895YB378;
				INFOPLIST_FILE = LookForDifferences/Info.plist;
				LD_RUNPATH_SEARCH_PATHS = (
					"$(inherited)",
					"@executable_path/Frameworks",
				);
				PRODUCT_BUNDLE_IDENTIFIER = "Apple-Developer-Academy.LookForDifferences";
				PRODUCT_NAME = "$(TARGET_NAME)";
				SWIFT_VERSION = 5.0;
				TARGETED_DEVICE_FAMILY = "1,2";
			};
			name = Debug;
		};
		5FBAC2AA229A0141000BA877 /* Release */ = {
			isa = XCBuildConfiguration;
			buildSettings = {
				ASSETCATALOG_COMPILER_APPICON_NAME = AppIcon;
				CODE_SIGN_STYLE = Automatic;
				DEVELOPMENT_TEAM = 2X895YB378;
				INFOPLIST_FILE = LookForDifferences/Info.plist;
				LD_RUNPATH_SEARCH_PATHS = (
					"$(inherited)",
					"@executable_path/Frameworks",
				);
				PRODUCT_BUNDLE_IDENTIFIER = "Apple-Developer-Academy.LookForDifferences";
				PRODUCT_NAME = "$(TARGET_NAME)";
				SWIFT_VERSION = 5.0;
				TARGETED_DEVICE_FAMILY = "1,2";
			};
			name = Release;
		};
/* End XCBuildConfiguration section */

/* Begin XCConfigurationList section */
		5FBAC291229A0140000BA877 /* Build configuration list for PBXProject "LookForDifferences" */ = {
			isa = XCConfigurationList;
			buildConfigurations = (
				5FBAC2A6229A0141000BA877 /* Debug */,
				5FBAC2A7229A0141000BA877 /* Release */,
			);
			defaultConfigurationIsVisible = 0;
			defaultConfigurationName = Release;
		};
		5FBAC2A8229A0141000BA877 /* Build configuration list for PBXNativeTarget "LookForDifferences" */ = {
			isa = XCConfigurationList;
			buildConfigurations = (
				5FBAC2A9229A0141000BA877 /* Debug */,
				5FBAC2AA229A0141000BA877 /* Release */,
			);
			defaultConfigurationIsVisible = 0;
			defaultConfigurationName = Release;
		};
/* End XCConfigurationList section */
	};
	rootObject = 5FBAC28E229A0140000BA877 /* Project object */;
}
